
Microsoft Visual Studio Solution File, Format Version 12.00
# Visual Studio 2013
VisualStudioVersion = 12.0.21005.1
MinimumVisualStudioVersion = 10.0.40219.1
Project("{FAE04EC0-301F-11D3-BF4B-00C04F79EFBC}") = "AvaPos", "AvaPos\AvaPos.csproj", "{26239097-1352-44B9-AEB4-2DD254E0FEB4}"
EndProject
Project("{FAE04EC0-301F-11D3-BF4B-00C04F79EFBC}") = "Business", "Bussines\Business.csproj", "{86135FF6-B6BD-4349-A7CC-625F0DC9AADA}"
EndProject
Global
	GlobalSection(SolutionConfigurationPlatforms) = preSolution
		Debug|Any CPU = Debug|Any CPU
		Release|Any CPU = Release|Any CPU
	EndGlobalSection
	GlobalSection(ProjectConfigurationPlatforms) = postSolution
		{26239097-1352-44B9-AEB4-2DD254E0FEB4}.Debug|Any CPU.ActiveCfg = Debug|Any CPU
		{26239097-1352-44B9-AEB4-2DD254E0FEB4}.Debug|Any CPU.Build.0 = Debug|Any CPU
		{26239097-1352-44B9-AEB4-2DD254E0FEB4}.Release|Any CPU.ActiveCfg = Release|Any CPU
		{26239097-1352-44B9-AEB4-2DD254E0FEB4}.Release|Any CPU.Build.0 = Release|Any CPU
		{86135FF6-B6BD-4349-A7CC-625F0DC9AADA}.Debug|Any CPU.ActiveCfg = Debug|Any CPU
		{86135FF6-B6BD-4349-A7CC-625F0DC9AADA}.Debug|Any CPU.Build.0 = Debug|Any CPU
		{86135FF6-B6BD-4349-A7CC-625F0DC9AADA}.Release|Any CPU.ActiveCfg = Release|Any CPU
		{86135FF6-B6BD-4349-A7CC-625F0DC9AADA}.Release|Any CPU.Build.0 = Release|Any CPU
	EndGlobalSection
	GlobalSection(SolutionProperties) = preSolution
		HideSolutionNode = FALSE
	EndGlobalSection
EndGlobal
